
Microsoft Visual Studio Solution File, Format Version 12.00
# Visual Studio Version 16
VisualStudioVersion = 16.0.31410.357
MinimumVisualStudioVersion = 10.0.40219.1
Project("{FAE04EC0-301F-11D3-BF4B-00C04F79EFBC}") = "GameServer", "GameServer\GameServer.csproj", "{C75CDEAE-2E88-4060-B19B-C2F5C50F1F27}"
EndProject
Global
	GlobalSection(SolutionConfigurationPlatforms) = preSolution
		Debug|Any CPU = Debug|Any CPU
		Release|Any CPU = Release|Any CPU
	EndGlobalSection
	GlobalSection(ProjectConfigurationPlatforms) = postSolution
		{C75CDEAE-2E88-4060-B19B-C2F5C50F1F27}.Debug|Any CPU.ActiveCfg = Debug|Any CPU
		{C75CDEAE-2E88-4060-B19B-C2F5C50F1F27}.Debug|Any CPU.Build.0 = Debug|Any CPU
		{C75CDEAE-2E88-4060-B19B-C2F5C50F1F27}.Release|Any CPU.ActiveCfg = Release|Any CPU
		{C75CDEAE-2E88-4060-B19B-C2F5C50F1F27}.Release|Any CPU.Build.0 = Release|Any CPU
	EndGlobalSection
	GlobalSection(SolutionProperties) = preSolution
		HideSolutionNode = FALSE
	EndGlobalSection
	GlobalSection(ExtensibilityGlobals) = postSolution
		SolutionGuid = {CEFAB967-6210-4D24-B64A-D804A6A2D8F9}
	EndGlobalSection
EndGlobal
